
Microsoft Visual Studio Solution File, Format Version 12.00
# Visual Studio Version 16
VisualStudioVersion = 16.0.31321.278
MinimumVisualStudioVersion = 10.0.40219.1
Project("{FAE04EC0-301F-11D3-BF4B-00C04F79EFBC}") = "TodoApi", "TodoApi.csproj", "{DC577651-A266-415F-A98D-06F41BEF1F51}"
EndProject
Global
	GlobalSection(SolutionConfigurationPlatforms) = preSolution
		Debug|Any CPU = Debug|Any CPU
		Release|Any CPU = Release|Any CPU
	EndGlobalSection
	GlobalSection(ProjectConfigurationPlatforms) = postSolution
		{DC577651-A266-415F-A98D-06F41BEF1F51}.Debug|Any CPU.ActiveCfg = Debug|Any CPU
		{DC577651-A266-415F-A98D-06F41BEF1F51}.Debug|Any CPU.Build.0 = Debug|Any CPU
		{DC577651-A266-415F-A98D-06F41BEF1F51}.Release|Any CPU.ActiveCfg = Release|Any CPU
		{DC577651-A266-415F-A98D-06F41BEF1F51}.Release|Any CPU.Build.0 = Release|Any CPU
	EndGlobalSection
	GlobalSection(SolutionProperties) = preSolution
		HideSolutionNode = FALSE
	EndGlobalSection
	GlobalSection(ExtensibilityGlobals) = postSolution
		SolutionGuid = {ACBA964C-764E-4BD2-8D33-DCDF09399542}
	EndGlobalSection
EndGlobal
